{
  "requires": true,
  "lockfileVersion": 1,
  "dependencies": {
    "hoist-non-react-statics": {
      "version": "2.5.5",
      "resolved": "https://registry.npmjs.org/hoist-non-react-statics/-/hoist-non-react-statics-2.5.5.tgz",
      "integrity": "sha512-rqcy4pJo55FTTLWt+bU8ukscqHeE/e9KWvsOW2b/a3afxQZhwkQdT1rPPCJ0rYXdj4vNcasY8zHTH+jF/qStxw=="
    },
    "react-google-recaptcha-v3": {
      "version": "1.4.1",
      "resolved": "https://registry.npmjs.org/react-google-recaptcha-v3/-/react-google-recaptcha-v3-1.4.1.tgz",
      "integrity": "sha512-mHyIAObH14spsD3wKSEUX5CM4iGlwx4ClsfRf4bjLlrqkSVNm/7H7J+xardOHVXNlbEn0zzw90Qs+vCG1I5cSA==",
      "requires": {
        "hoist-non-react-statics": "^2.5.5"
      }
    }
  }
}
